
Microsoft Visual Studio Solution File, Format Version 12.00
# Visual Studio Version 17
VisualStudioVersion = 17.2.32616.157
MinimumVisualStudioVersion = 10.0.40219.1
Project("{FAE04EC0-301F-11D3-BF4B-00C04F79EFBC}") = "Car_store_theme", "Car_store_theme\Car_store_theme.csproj", "{FB367DA1-9FAF-40B9-B471-E978F2D5B68D}"
EndProject
Project("{2150E333-8FDC-42A3-9474-1A3956D46DE8}") = "Presentation", "Presentation", "{D14740E1-91A5-48AD-9B87-ABB9595DCA32}"
EndProject
Project("{2150E333-8FDC-42A3-9474-1A3956D46DE8}") = "Services", "Services", "{5DD4DD58-E119-4DE9-B534-26BD8B42CD0F}"
EndProject
Project("{2150E333-8FDC-42A3-9474-1A3956D46DE8}") = "Data+Entities", "Data+Entities", "{51EC3044-B74F-4A28-BEE6-C46941A45F35}"
EndProject
Project("{FAE04EC0-301F-11D3-BF4B-00C04F79EFBC}") = "CarStore.Service", "CarStore.Service\CarStore.Service.csproj", "{7968358D-1C28-49A7-8E49-76CD8B9A67B5}"
EndProject
Project("{FAE04EC0-301F-11D3-BF4B-00C04F79EFBC}") = "CarStore.DataLayer", "CarStore.DataLayer\CarStore.DataLayer.csproj", "{F7B0B85E-8606-44AC-9C0D-411920E62015}"
EndProject
Project("{FAE04EC0-301F-11D3-BF4B-00C04F79EFBC}") = "CarStore.Entities", "CarStore.Entities\CarStore.Entities.csproj", "{8E663C65-D395-433B-A96D-83322D35DFD1}"
EndProject
Global
	GlobalSection(SolutionConfigurationPlatforms) = preSolution
		Debug|Any CPU = Debug|Any CPU
		Release|Any CPU = Release|Any CPU
	EndGlobalSection
	GlobalSection(ProjectConfigurationPlatforms) = postSolution
		{FB367DA1-9FAF-40B9-B471-E978F2D5B68D}.Debug|Any CPU.ActiveCfg = Debug|Any CPU
		{FB367DA1-9FAF-40B9-B471-E978F2D5B68D}.Debug|Any CPU.Build.0 = Debug|Any CPU
		{FB367DA1-9FAF-40B9-B471-E978F2D5B68D}.Release|Any CPU.ActiveCfg = Release|Any CPU
		{FB367DA1-9FAF-40B9-B471-E978F2D5B68D}.Release|Any CPU.Build.0 = Release|Any CPU
		{7968358D-1C28-49A7-8E49-76CD8B9A67B5}.Debug|Any CPU.ActiveCfg = Debug|Any CPU
		{7968358D-1C28-49A7-8E49-76CD8B9A67B5}.Debug|Any CPU.Build.0 = Debug|Any CPU
		{7968358D-1C28-49A7-8E49-76CD8B9A67B5}.Release|Any CPU.ActiveCfg = Release|Any CPU
		{7968358D-1C28-49A7-8E49-76CD8B9A67B5}.Release|Any CPU.Build.0 = Release|Any CPU
		{F7B0B85E-8606-44AC-9C0D-411920E62015}.Debug|Any CPU.ActiveCfg = Debug|Any CPU
		{F7B0B85E-8606-44AC-9C0D-411920E62015}.Debug|Any CPU.Build.0 = Debug|Any CPU
		{F7B0B85E-8606-44AC-9C0D-411920E62015}.Release|Any CPU.ActiveCfg = Release|Any CPU
		{F7B0B85E-8606-44AC-9C0D-411920E62015}.Release|Any CPU.Build.0 = Release|Any CPU
		{8E663C65-D395-433B-A96D-83322D35DFD1}.Debug|Any CPU.ActiveCfg = Debug|Any CPU
		{8E663C65-D395-433B-A96D-83322D35DFD1}.Debug|Any CPU.Build.0 = Debug|Any CPU
		{8E663C65-D395-433B-A96D-83322D35DFD1}.Release|Any CPU.ActiveCfg = Release|Any CPU
		{8E663C65-D395-433B-A96D-83322D35DFD1}.Release|Any CPU.Build.0 = Release|Any CPU
	EndGlobalSection
	GlobalSection(SolutionProperties) = preSolution
		HideSolutionNode = FALSE
	EndGlobalSection
	GlobalSection(NestedProjects) = preSolution
		{FB367DA1-9FAF-40B9-B471-E978F2D5B68D} = {D14740E1-91A5-48AD-9B87-ABB9595DCA32}
		{7968358D-1C28-49A7-8E49-76CD8B9A67B5} = {5DD4DD58-E119-4DE9-B534-26BD8B42CD0F}
		{F7B0B85E-8606-44AC-9C0D-411920E62015} = {51EC3044-B74F-4A28-BEE6-C46941A45F35}
		{8E663C65-D395-433B-A96D-83322D35DFD1} = {51EC3044-B74F-4A28-BEE6-C46941A45F35}
	EndGlobalSection
	GlobalSection(ExtensibilityGlobals) = postSolution
		SolutionGuid = {D6C9FE3E-B00C-4C42-A2CC-8905A4076A89}
	EndGlobalSection
EndGlobal
